
Microsoft Visual Studio Solution File, Format Version 12.00
# Visual Studio 2012
Project("{FAE04EC0-301F-11D3-BF4B-00C04F79EFBC}") = "TMXTranslatorConsole", "TMXTranslatorConsole\TMXTranslatorConsole.csproj", "{2382B857-2953-4620-818A-780B2608A20D}"
EndProject
Global
	GlobalSection(SolutionConfigurationPlatforms) = preSolution
		Debug|Any CPU = Debug|Any CPU
		Release|Any CPU = Release|Any CPU
	EndGlobalSection
	GlobalSection(ProjectConfigurationPlatforms) = postSolution
		{2382B857-2953-4620-818A-780B2608A20D}.Debug|Any CPU.ActiveCfg = Debug|Any CPU
		{2382B857-2953-4620-818A-780B2608A20D}.Debug|Any CPU.Build.0 = Debug|Any CPU
		{2382B857-2953-4620-818A-780B2608A20D}.Release|Any CPU.ActiveCfg = Release|Any CPU
		{2382B857-2953-4620-818A-780B2608A20D}.Release|Any CPU.Build.0 = Release|Any CPU
	EndGlobalSection
	GlobalSection(SolutionProperties) = preSolution
		HideSolutionNode = FALSE
	EndGlobalSection
EndGlobal
